// !$*UTF8*$!
{
	archiveVersion = 1;
	classes = {
	};
	objectVersion = 56;
	objects = {

/* Begin PBXBuildFile section */
		5D399CE02A125C2F00B0D64D /* UIImage+Extension.swift in Sources */ = {isa = PBXBuildFile; fileRef = 5D399CDF2A125C2F00B0D64D /* UIImage+Extension.swift */; };
		5D49C8342A0C267600869B97 /* AppDelegate.swift in Sources */ = {isa = PBXBuildFile; fileRef = 5D49C8332A0C267600869B97 /* AppDelegate.swift */; };
		5D49C8362A0C267600869B97 /* SceneDelegate.swift in Sources */ = {isa = PBXBuildFile; fileRef = 5D49C8352A0C267600869B97 /* SceneDelegate.swift */; };
		5D49C8382A0C267600869B97 /* HomeViewController.swift in Sources */ = {isa = PBXBuildFile; fileRef = 5D49C8372A0C267600869B97 /* HomeViewController.swift */; };
		5D49C83B2A0C267600869B97 /* Main.storyboard in Resources */ = {isa = PBXBuildFile; fileRef = 5D49C8392A0C267600869B97 /* Main.storyboard */; };
		5D49C83D2A0C267700869B97 /* Assets.xcassets in Resources */ = {isa = PBXBuildFile; fileRef = 5D49C83C2A0C267700869B97 /* Assets.xcassets */; };
		5D49C8402A0C267700869B97 /* LaunchScreen.storyboard in Resources */ = {isa = PBXBuildFile; fileRef = 5D49C83E2A0C267700869B97 /* LaunchScreen.storyboard */; };
		5D49C84A2A0C270A00869B97 /* CollectionView+Extension.swift in Sources */ = {isa = PBXBuildFile; fileRef = 5D49C8492A0C270A00869B97 /* CollectionView+Extension.swift */; };
		5D49C84C2A0C271300869B97 /* CollectionViewCell+Extension.swift in Sources */ = {isa = PBXBuildFile; fileRef = 5D49C84B2A0C271300869B97 /* CollectionViewCell+Extension.swift */; };
		5D49C84E2A0C277B00869B97 /* UIView+Extension.swift in Sources */ = {isa = PBXBuildFile; fileRef = 5D49C84D2A0C277B00869B97 /* UIView+Extension.swift */; };
		5D49C8502A0C27C000869B97 /* HideKeyboardExtension.swift in Sources */ = {isa = PBXBuildFile; fileRef = 5D49C84F2A0C27C000869B97 /* HideKeyboardExtension.swift */; };
		5D6442D52A0D739800B11C56 /* LoadingView.swift in Sources */ = {isa = PBXBuildFile; fileRef = 5D6442D42A0D739800B11C56 /* LoadingView.swift */; };
		5D6442D82A0D73A800B11C56 /* LoadingShowable.swift in Sources */ = {isa = PBXBuildFile; fileRef = 5D6442D72A0D73A800B11C56 /* LoadingShowable.swift */; };
		5D72EE042A0EC27D00EFAA18 /* SplashViewController.swift in Sources */ = {isa = PBXBuildFile; fileRef = 5D72EE032A0EC27D00EFAA18 /* SplashViewController.swift */; };
		5D72EE062A0EC4FE00EFAA18 /* FavoriteNewsViewController.swift in Sources */ = {isa = PBXBuildFile; fileRef = 5D72EE052A0EC4FE00EFAA18 /* FavoriteNewsViewController.swift */; };
		5D7FA2CE2A0F9259007816B7 /* Noyan_HW2.xcdatamodeld in Sources */ = {isa = PBXBuildFile; fileRef = 5D7FA2CC2A0F9259007816B7 /* Noyan_HW2.xcdatamodeld */; };
		5D7FA2DD2A0FE46F007816B7 /* DataPersistenceManager.swift in Sources */ = {isa = PBXBuildFile; fileRef = 5D7FA2DC2A0FE46F007816B7 /* DataPersistenceManager.swift */; };
		5D7FA2DF2A0FE9ED007816B7 /* UIViewController+Extension.swift in Sources */ = {isa = PBXBuildFile; fileRef = 5D7FA2DE2A0FE9ED007816B7 /* UIViewController+Extension.swift */; };
		5DACF6CE2A1769C10069692A /* AlertMessage.swift in Sources */ = {isa = PBXBuildFile; fileRef = 5DACF6CD2A1769C10069692A /* AlertMessage.swift */; };
		5DACF6D02A176F6D0069692A /* Icons.swift in Sources */ = {isa = PBXBuildFile; fileRef = 5DACF6CF2A176F6D0069692A /* Icons.swift */; };
		5DACF6D22A1773920069692A /* UserDefaultKeys.swift in Sources */ = {isa = PBXBuildFile; fileRef = 5DACF6D12A1773920069692A /* UserDefaultKeys.swift */; };
		5DACF6D42A1774760069692A /* SegueIdentifiers.swift in Sources */ = {isa = PBXBuildFile; fileRef = 5DACF6D32A1774760069692A /* SegueIdentifiers.swift */; };
		5DACF6D62A17775A0069692A /* NavigationTitle.swift in Sources */ = {isa = PBXBuildFile; fileRef = 5DACF6D52A17775A0069692A /* NavigationTitle.swift */; };
		5DACF6D82A1779C20069692A /* ViewFactory.swift in Sources */ = {isa = PBXBuildFile; fileRef = 5DACF6D72A1779C20069692A /* ViewFactory.swift */; };
		5DB23DCF2A0C280A00789691 /* ShadowRadius.swift in Sources */ = {isa = PBXBuildFile; fileRef = 5DB23DCE2A0C280A00789691 /* ShadowRadius.swift */; };
		5DB23DD12A0C285500789691 /* AlertExtension.swift in Sources */ = {isa = PBXBuildFile; fileRef = 5DB23DD02A0C285500789691 /* AlertExtension.swift */; };
		5DB23DD52A0C28C800789691 /* NewsAPI in Frameworks */ = {isa = PBXBuildFile; productRef = 5DB23DD42A0C28C800789691 /* NewsAPI */; };
		5DB8A3482A0CE68B0097DA51 /* HomeCollectionViewCell.swift in Sources */ = {isa = PBXBuildFile; fileRef = 5DB8A3462A0CE68B0097DA51 /* HomeCollectionViewCell.swift */; };
		5DB8A3492A0CE68B0097DA51 /* HomeCollectionViewCell.xib in Resources */ = {isa = PBXBuildFile; fileRef = 5DB8A3472A0CE68B0097DA51 /* HomeCollectionViewCell.xib */; };
		5DB8BCB42A0CF12B00B01484 /* SDWebImage in Frameworks */ = {isa = PBXBuildFile; productRef = 5DB8BCB32A0CF12B00B01484 /* SDWebImage */; };
		5DF4D3452A0D0B8B00A05414 /* DetailViewController.swift in Sources */ = {isa = PBXBuildFile; fileRef = 5DF4D3442A0D0B8B00A05414 /* DetailViewController.swift */; };
/* End PBXBuildFile section */

/* Begin PBXFileReference section */
		5D399CDF2A125C2F00B0D64D /* UIImage+Extension.swift */ = {isa = PBXFileReference; lastKnownFileType = sourcecode.swift; path = "UIImage+Extension.swift"; sourceTree = "<group>"; };
		5D49C8302A0C267600869B97 /* Noyan_HW2.app */ = {isa = PBXFileReference; explicitFileType = wrapper.application; includeInIndex = 0; path = Noyan_HW2.app; sourceTree = BUILT_PRODUCTS_DIR; };
		5D49C8332A0C267600869B97 /* AppDelegate.swift */ = {isa = PBXFileReference; lastKnownFileType = sourcecode.swift; path = AppDelegate.swift; sourceTree = "<group>"; };
		5D49C8352A0C267600869B97 /* SceneDelegate.swift */ = {isa = PBXFileReference; lastKnownFileType = sourcecode.swift; path = SceneDelegate.swift; sourceTree = "<group>"; };
		5D49C8372A0C267600869B97 /* HomeViewController.swift */ = {isa = PBXFileReference; lastKnownFileType = sourcecode.swift; path = HomeViewController.swift; sourceTree = "<group>"; };
		5D49C83A2A0C267600869B97 /* Base */ = {isa = PBXFileReference; lastKnownFileType = file.storyboard; name = Base; path = Base.lproj/Main.storyboard; sourceTree = "<group>"; };
		5D49C83C2A0C267700869B97 /* Assets.xcassets */ = {isa = PBXFileReference; lastKnownFileType = folder.assetcatalog; path = Assets.xcassets; sourceTree = "<group>"; };
		5D49C83F2A0C267700869B97 /* Base */ = {isa = PBXFileReference; lastKnownFileType = file.storyboard; name = Base; path = Base.lproj/LaunchScreen.storyboard; sourceTree = "<group>"; };
		5D49C8412A0C267700869B97 /* Info.plist */ = {isa = PBXFileReference; lastKnownFileType = text.plist.xml; path = Info.plist; sourceTree = "<group>"; };
		5D49C8492A0C270A00869B97 /* CollectionView+Extension.swift */ = {isa = PBXFileReference; lastKnownFileType = sourcecode.swift; path = "CollectionView+Extension.swift"; sourceTree = "<group>"; };
		5D49C84B2A0C271300869B97 /* CollectionViewCell+Extension.swift */ = {isa = PBXFileReference; lastKnownFileType = sourcecode.swift; path = "CollectionViewCell+Extension.swift"; sourceTree = "<group>"; };
		5D49C84D2A0C277B00869B97 /* UIView+Extension.swift */ = {isa = PBXFileReference; lastKnownFileType = sourcecode.swift; path = "UIView+Extension.swift"; sourceTree = "<group>"; };
		5D49C84F2A0C27C000869B97 /* HideKeyboardExtension.swift */ = {isa = PBXFileReference; lastKnownFileType = sourcecode.swift; path = HideKeyboardExtension.swift; sourceTree = "<group>"; };
		5D6442D42A0D739800B11C56 /* LoadingView.swift */ = {isa = PBXFileReference; lastKnownFileType = sourcecode.swift; path = LoadingView.swift; sourceTree = "<group>"; };
		5D6442D72A0D73A800B11C56 /* LoadingShowable.swift */ = {isa = PBXFileReference; lastKnownFileType = sourcecode.swift; path = LoadingShowable.swift; sourceTree = "<group>"; };
		5D72EE032A0EC27D00EFAA18 /* SplashViewController.swift */ = {isa = PBXFileReference; lastKnownFileType = sourcecode.swift; path = SplashViewController.swift; sourceTree = "<group>"; };
		5D72EE052A0EC4FE00EFAA18 /* FavoriteNewsViewController.swift */ = {isa = PBXFileReference; lastKnownFileType = sourcecode.swift; path = FavoriteNewsViewController.swift; sourceTree = "<group>"; };
		5D7FA2CD2A0F9259007816B7 /* Noyan_HW2.xcdatamodel */ = {isa = PBXFileReference; lastKnownFileType = wrapper.xcdatamodel; path = Noyan_HW2.xcdatamodel; sourceTree = "<group>"; };
		5D7FA2DC2A0FE46F007816B7 /* DataPersistenceManager.swift */ = {isa = PBXFileReference; lastKnownFileType = sourcecode.swift; path = DataPersistenceManager.swift; sourceTree = "<group>"; };
		5D7FA2DE2A0FE9ED007816B7 /* UIViewController+Extension.swift */ = {isa = PBXFileReference; lastKnownFileType = sourcecode.swift; path = "UIViewController+Extension.swift"; sourceTree = "<group>"; };
		5DACF6CD2A1769C10069692A /* AlertMessage.swift */ = {isa = PBXFileReference; lastKnownFileType = sourcecode.swift; path = AlertMessage.swift; sourceTree = "<group>"; };
		5DACF6CF2A176F6D0069692A /* Icons.swift */ = {isa = PBXFileReference; lastKnownFileType = sourcecode.swift; path = Icons.swift; sourceTree = "<group>"; };
		5DACF6D12A1773920069692A /* UserDefaultKeys.swift */ = {isa = PBXFileReference; lastKnownFileType = sourcecode.swift; path = UserDefaultKeys.swift; sourceTree = "<group>"; };
		5DACF6D32A1774760069692A /* SegueIdentifiers.swift */ = {isa = PBXFileReference; lastKnownFileType = sourcecode.swift; path = SegueIdentifiers.swift; sourceTree = "<group>"; };
		5DACF6D52A17775A0069692A /* NavigationTitle.swift */ = {isa = PBXFileReference; lastKnownFileType = sourcecode.swift; path = NavigationTitle.swift; sourceTree = "<group>"; };
		5DACF6D72A1779C20069692A /* ViewFactory.swift */ = {isa = PBXFileReference; lastKnownFileType = sourcecode.swift; path = ViewFactory.swift; sourceTree = "<group>"; };
		5DB23DCE2A0C280A00789691 /* ShadowRadius.swift */ = {isa = PBXFileReference; lastKnownFileType = sourcecode.swift; path = ShadowRadius.swift; sourceTree = "<group>"; };
		5DB23DD02A0C285500789691 /* AlertExtension.swift */ = {isa = PBXFileReference; lastKnownFileType = sourcecode.swift; path = AlertExtension.swift; sourceTree = "<group>"; };
		5DB23DD22A0C288500789691 /* NewsAPI */ = {isa = PBXFileReference; lastKnownFileType = wrapper; name = NewsAPI; path = ../NewsAPI; sourceTree = "<group>"; };
		5DB8A3462A0CE68B0097DA51 /* HomeCollectionViewCell.swift */ = {isa = PBXFileReference; lastKnownFileType = sourcecode.swift; path = HomeCollectionViewCell.swift; sourceTree = "<group>"; };
		5DB8A3472A0CE68B0097DA51 /* HomeCollectionViewCell.xib */ = {isa = PBXFileReference; lastKnownFileType = file.xib; path = HomeCollectionViewCell.xib; sourceTree = "<group>"; };
		5DF4D3442A0D0B8B00A05414 /* DetailViewController.swift */ = {isa = PBXFileReference; lastKnownFileType = sourcecode.swift; path = DetailViewController.swift; sourceTree = "<group>"; };
/* End PBXFileReference section */

/* Begin PBXFrameworksBuildPhase section */
		5D49C82D2A0C267600869B97 /* Frameworks */ = {
			isa = PBXFrameworksBuildPhase;
			buildActionMask = 2147483647;
			files = (
				5DB8BCB42A0CF12B00B01484 /* SDWebImage in Frameworks */,
				5DB23DD52A0C28C800789691 /* NewsAPI in Frameworks */,
			);
			runOnlyForDeploymentPostprocessing = 0;
		};
/* End PBXFrameworksBuildPhase section */

/* Begin PBXGroup section */
		5D49C8272A0C267600869B97 = {
			isa = PBXGroup;
			children = (
				5DB23DD22A0C288500789691 /* NewsAPI */,
				5D49C8322A0C267600869B97 /* Noyan_HW2 */,
				5D49C8312A0C267600869B97 /* Products */,
				5DB23DD32A0C28C800789691 /* Frameworks */,
			);
			sourceTree = "<group>";
		};
		5D49C8312A0C267600869B97 /* Products */ = {
			isa = PBXGroup;
			children = (
				5D49C8302A0C267600869B97 /* Noyan_HW2.app */,
			);
			name = Products;
			sourceTree = "<group>";
		};
		5D49C8322A0C267600869B97 /* Noyan_HW2 */ = {
			isa = PBXGroup;
			children = (
				5DACF6CC2A1769B10069692A /* Constants */,
				5D7FA2E02A0FED4E007816B7 /* HelperCoreData */,
				5D6442D62A0D739B00B11C56 /* Utility */,
				5D49C8482A0C26FA00869B97 /* App */,
				5D6442D32A0D4FA400B11C56 /* Views */,
				5DB8A3442A0CE66B0097DA51 /* Controller */,
				5D49C8472A0C26F400869B97 /* Extensions */,
				5D49C8392A0C267600869B97 /* Main.storyboard */,
				5D49C83E2A0C267700869B97 /* LaunchScreen.storyboard */,
				5D49C8412A0C267700869B97 /* Info.plist */,
				5D7FA2CC2A0F9259007816B7 /* Noyan_HW2.xcdatamodeld */,
			);
			path = Noyan_HW2;
			sourceTree = "<group>";
		};
		5D49C8472A0C26F400869B97 /* Extensions */ = {
			isa = PBXGroup;
			children = (
				5D49C8492A0C270A00869B97 /* CollectionView+Extension.swift */,
				5D49C84B2A0C271300869B97 /* CollectionViewCell+Extension.swift */,
				5D49C84D2A0C277B00869B97 /* UIView+Extension.swift */,
				5D49C84F2A0C27C000869B97 /* HideKeyboardExtension.swift */,
				5DB23DCE2A0C280A00789691 /* ShadowRadius.swift */,
				5DB23DD02A0C285500789691 /* AlertExtension.swift */,
				5D7FA2DE2A0FE9ED007816B7 /* UIViewController+Extension.swift */,
				5D399CDF2A125C2F00B0D64D /* UIImage+Extension.swift */,
			);
			path = Extensions;
			sourceTree = "<group>";
		};
		5D49C8482A0C26FA00869B97 /* App */ = {
			isa = PBXGroup;
			children = (
				5D49C8332A0C267600869B97 /* AppDelegate.swift */,
				5D49C8352A0C267600869B97 /* SceneDelegate.swift */,
				5D49C83C2A0C267700869B97 /* Assets.xcassets */,
			);
			path = App;
			sourceTree = "<group>";
		};
		5D6442D32A0D4FA400B11C56 /* Views */ = {
			isa = PBXGroup;
			children = (
				5DB8A3462A0CE68B0097DA51 /* HomeCollectionViewCell.swift */,
				5DB8A3472A0CE68B0097DA51 /* HomeCollectionViewCell.xib */,
				5D6442D42A0D739800B11C56 /* LoadingView.swift */,
				5DACF6D72A1779C20069692A /* ViewFactory.swift */,
			);
			path = Views;
			sourceTree = "<group>";
		};
		5D6442D62A0D739B00B11C56 /* Utility */ = {
			isa = PBXGroup;
			children = (
				5D6442D72A0D73A800B11C56 /* LoadingShowable.swift */,
			);
			path = Utility;
			sourceTree = "<group>";
		};
		5D7FA2E02A0FED4E007816B7 /* HelperCoreData */ = {
			isa = PBXGroup;
			children = (
				5D7FA2DC2A0FE46F007816B7 /* DataPersistenceManager.swift */,
			);
			path = HelperCoreData;
			sourceTree = "<group>";
		};
		5DACF6CC2A1769B10069692A /* Constants */ = {
			isa = PBXGroup;
			children = (
				5DACF6CD2A1769C10069692A /* AlertMessage.swift */,
				5DACF6CF2A176F6D0069692A /* Icons.swift */,
				5DACF6D12A1773920069692A /* UserDefaultKeys.swift */,
				5DACF6D32A1774760069692A /* SegueIdentifiers.swift */,
				5DACF6D52A17775A0069692A /* NavigationTitle.swift */,
			);
			path = Constants;
			sourceTree = "<group>";
		};
		5DB23DD32A0C28C800789691 /* Frameworks */ = {
			isa = PBXGroup;
			children = (
			);
			name = Frameworks;
			sourceTree = "<group>";
		};
		5DB8A3442A0CE66B0097DA51 /* Controller */ = {
			isa = PBXGroup;
			children = (
				5DF4D3442A0D0B8B00A05414 /* DetailViewController.swift */,
				5D49C8372A0C267600869B97 /* HomeViewController.swift */,
				5D72EE032A0EC27D00EFAA18 /* SplashViewController.swift */,
				5D72EE052A0EC4FE00EFAA18 /* FavoriteNewsViewController.swift */,
			);
			path = Controller;
			sourceTree = "<group>";
		};
/* End PBXGroup section */

/* Begin PBXNativeTarget section */
		5D49C82F2A0C267600869B97 /* Noyan_HW2 */ = {
			isa = PBXNativeTarget;
			buildConfigurationList = 5D49C8442A0C267700869B97 /* Build configuration list for PBXNativeTarget "Noyan_HW2" */;
			buildPhases = (
				5D49C82C2A0C267600869B97 /* Sources */,
				5D49C82D2A0C267600869B97 /* Frameworks */,
				5D49C82E2A0C267600869B97 /* Resources */,
			);
			buildRules = (
			);
			dependencies = (
			);
			name = Noyan_HW2;
			packageProductDependencies = (
				5DB23DD42A0C28C800789691 /* NewsAPI */,
				5DB8BCB32A0CF12B00B01484 /* SDWebImage */,
			);
			productName = Noyan_HW2;
			productReference = 5D49C8302A0C267600869B97 /* Noyan_HW2.app */;
			productType = "com.apple.product-type.application";
		};
/* End PBXNativeTarget section */

/* Begin PBXProject section */
		5D49C8282A0C267600869B97 /* Project object */ = {
			isa = PBXProject;
			attributes = {
				BuildIndependentTargetsInParallel = 1;
				LastSwiftUpdateCheck = 1430;
				LastUpgradeCheck = 1430;
				TargetAttributes = {
					5D49C82F2A0C267600869B97 = {
						CreatedOnToolsVersion = 14.3;
					};
				};
			};
			buildConfigurationList = 5D49C82B2A0C267600869B97 /* Build configuration list for PBXProject "Noyan_HW2" */;
			compatibilityVersion = "Xcode 14.0";
			developmentRegion = en;
			hasScannedForEncodings = 0;
			knownRegions = (
				en,
				Base,
			);
			mainGroup = 5D49C8272A0C267600869B97;
			packageReferences = (
				5DB8BCB22A0CF12B00B01484 /* XCRemoteSwiftPackageReference "SDWebImage" */,
			);
			productRefGroup = 5D49C8312A0C267600869B97 /* Products */;
			projectDirPath = "";
			projectRoot = "";
			targets = (
				5D49C82F2A0C267600869B97 /* Noyan_HW2 */,
			);
		};
/* End PBXProject section */

/* Begin PBXResourcesBuildPhase section */
		5D49C82E2A0C267600869B97 /* Resources */ = {
			isa = PBXResourcesBuildPhase;
			buildActionMask = 2147483647;
			files = (
				5D49C8402A0C267700869B97 /* LaunchScreen.storyboard in Resources */,
				5D49C83D2A0C267700869B97 /* Assets.xcassets in Resources */,
				5D49C83B2A0C267600869B97 /* Main.storyboard in Resources */,
				5DB8A3492A0CE68B0097DA51 /* HomeCollectionViewCell.xib in Resources */,
			);
			runOnlyForDeploymentPostprocessing = 0;
		};
/* End PBXResourcesBuildPhase section */

/* Begin PBXSourcesBuildPhase section */
		5D49C82C2A0C267600869B97 /* Sources */ = {
			isa = PBXSourcesBuildPhase;
			buildActionMask = 2147483647;
			files = (
				5D7FA2DF2A0FE9ED007816B7 /* UIViewController+Extension.swift in Sources */,
				5D7FA2CE2A0F9259007816B7 /* Noyan_HW2.xcdatamodeld in Sources */,
				5DACF6D62A17775A0069692A /* NavigationTitle.swift in Sources */,
				5DF4D3452A0D0B8B00A05414 /* DetailViewController.swift in Sources */,
				5DB23DCF2A0C280A00789691 /* ShadowRadius.swift in Sources */,
				5D49C84E2A0C277B00869B97 /* UIView+Extension.swift in Sources */,
				5D72EE062A0EC4FE00EFAA18 /* FavoriteNewsViewController.swift in Sources */,
				5D49C84C2A0C271300869B97 /* CollectionViewCell+Extension.swift in Sources */,
				5DACF6D02A176F6D0069692A /* Icons.swift in Sources */,
				5DACF6D42A1774760069692A /* SegueIdentifiers.swift in Sources */,
				5D49C8502A0C27C000869B97 /* HideKeyboardExtension.swift in Sources */,
				5D72EE042A0EC27D00EFAA18 /* SplashViewController.swift in Sources */,
				5D6442D82A0D73A800B11C56 /* LoadingShowable.swift in Sources */,
				5D7FA2DD2A0FE46F007816B7 /* DataPersistenceManager.swift in Sources */,
				5D6442D52A0D739800B11C56 /* LoadingView.swift in Sources */,
				5D49C84A2A0C270A00869B97 /* CollectionView+Extension.swift in Sources */,
				5DB8A3482A0CE68B0097DA51 /* HomeCollectionViewCell.swift in Sources */,
				5D49C8382A0C267600869B97 /* HomeViewController.swift in Sources */,
				5DACF6D22A1773920069692A /* UserDefaultKeys.swift in Sources */,
				5D49C8342A0C267600869B97 /* AppDelegate.swift in Sources */,
				5D399CE02A125C2F00B0D64D /* UIImage+Extension.swift in Sources */,
				5DB23DD12A0C285500789691 /* AlertExtension.swift in Sources */,
				5DACF6D82A1779C20069692A /* ViewFactory.swift in Sources */,
				5DACF6CE2A1769C10069692A /* AlertMessage.swift in Sources */,
				5D49C8362A0C267600869B97 /* SceneDelegate.swift in Sources */,
			);
			runOnlyForDeploymentPostprocessing = 0;
		};
/* End PBXSourcesBuildPhase section */

/* Begin PBXVariantGroup section */
		5D49C8392A0C267600869B97 /* Main.storyboard */ = {
			isa = PBXVariantGroup;
			children = (
				5D49C83A2A0C267600869B97 /* Base */,
			);
			name = Main.storyboard;
			sourceTree = "<group>";
		};
		5D49C83E2A0C267700869B97 /* LaunchScreen.storyboard */ = {
			isa = PBXVariantGroup;
			children = (
				5D49C83F2A0C267700869B97 /* Base */,
			);
			name = LaunchScreen.storyboard;
			sourceTree = "<group>";
		};
/* End PBXVariantGroup section */

/* Begin XCBuildConfiguration section */
		5D49C8422A0C267700869B97 /* Debug */ = {
			isa = XCBuildConfiguration;
			buildSettings = {
				ALWAYS_SEARCH_USER_PATHS = NO;
				CLANG_ANALYZER_NONNULL = YES;
				CLANG_ANALYZER_NUMBER_OBJECT_CONVERSION = YES_AGGRESSIVE;
				CLANG_CXX_LANGUAGE_STANDARD = "gnu++20";
				CLANG_ENABLE_MODULES = YES;
				CLANG_ENABLE_OBJC_ARC = YES;
				CLANG_ENABLE_OBJC_WEAK = YES;
				CLANG_WARN_BLOCK_CAPTURE_AUTORELEASING = YES;
				CLANG_WARN_BOOL_CONVERSION = YES;
				CLANG_WARN_COMMA = YES;
				CLANG_WARN_CONSTANT_CONVERSION = YES;
				CLANG_WARN_DEPRECATED_OBJC_IMPLEMENTATIONS = YES;
				CLANG_WARN_DIRECT_OBJC_ISA_USAGE = YES_ERROR;
				CLANG_WARN_DOCUMENTATION_COMMENTS = YES;
				CLANG_WARN_EMPTY_BODY = YES;
				CLANG_WARN_ENUM_CONVERSION = YES;
				CLANG_WARN_INFINITE_RECURSION = YES;
				CLANG_WARN_INT_CONVERSION = YES;
				CLANG_WARN_NON_LITERAL_NULL_CONVERSION = YES;
				CLANG_WARN_OBJC_IMPLICIT_RETAIN_SELF = YES;
				CLANG_WARN_OBJC_LITERAL_CONVERSION = YES;
				CLANG_WARN_OBJC_ROOT_CLASS = YES_ERROR;
				CLANG_WARN_QUOTED_INCLUDE_IN_FRAMEWORK_HEADER = YES;
				CLANG_WARN_RANGE_LOOP_ANALYSIS = YES;
				CLANG_WARN_STRICT_PROTOTYPES = YES;
				CLANG_WARN_SUSPICIOUS_MOVE = YES;
				CLANG_WARN_UNGUARDED_AVAILABILITY = YES_AGGRESSIVE;
				CLANG_WARN_UNREACHABLE_CODE = YES;
				CLANG_WARN__DUPLICATE_METHOD_MATCH = YES;
				COPY_PHASE_STRIP = NO;
				DEBUG_INFORMATION_FORMAT = dwarf;
				ENABLE_STRICT_OBJC_MSGSEND = YES;
				ENABLE_TESTABILITY = YES;
				GCC_C_LANGUAGE_STANDARD = gnu11;
				GCC_DYNAMIC_NO_PIC = NO;
				GCC_NO_COMMON_BLOCKS = YES;
				GCC_OPTIMIZATION_LEVEL = 0;
				GCC_PREPROCESSOR_DEFINITIONS = (
					"DEBUG=1",
					"$(inherited)",
				);
				GCC_WARN_64_TO_32_BIT_CONVERSION = YES;
				GCC_WARN_ABOUT_RETURN_TYPE = YES_ERROR;
				GCC_WARN_UNDECLARED_SELECTOR = YES;
				GCC_WARN_UNINITIALIZED_AUTOS = YES_AGGRESSIVE;
				GCC_WARN_UNUSED_FUNCTION = YES;
				GCC_WARN_UNUSED_VARIABLE = YES;
				IPHONEOS_DEPLOYMENT_TARGET = 16.4;
				MTL_ENABLE_DEBUG_INFO = INCLUDE_SOURCE;
				MTL_FAST_MATH = YES;
				ONLY_ACTIVE_ARCH = YES;
				SDKROOT = iphoneos;
				SWIFT_ACTIVE_COMPILATION_CONDITIONS = DEBUG;
				SWIFT_OPTIMIZATION_LEVEL = "-Onone";
			};
			name = Debug;
		};
		5D49C8432A0C267700869B97 /* Release */ = {
			isa = XCBuildConfiguration;
			buildSettings = {
				ALWAYS_SEARCH_USER_PATHS = NO;
				CLANG_ANALYZER_NONNULL = YES;
				CLANG_ANALYZER_NUMBER_OBJECT_CONVERSION = YES_AGGRESSIVE;
				CLANG_CXX_LANGUAGE_STANDARD = "gnu++20";
				CLANG_ENABLE_MODULES = YES;
				CLANG_ENABLE_OBJC_ARC = YES;
				CLANG_ENABLE_OBJC_WEAK = YES;
				CLANG_WARN_BLOCK_CAPTURE_AUTORELEASING = YES;
				CLANG_WARN_BOOL_CONVERSION = YES;
				CLANG_WARN_COMMA = YES;
				CLANG_WARN_CONSTANT_CONVERSION = YES;
				CLANG_WARN_DEPRECATED_OBJC_IMPLEMENTATIONS = YES;
				CLANG_WARN_DIRECT_OBJC_ISA_USAGE = YES_ERROR;
				CLANG_WARN_DOCUMENTATION_COMMENTS = YES;
				CLANG_WARN_EMPTY_BODY = YES;
				CLANG_WARN_ENUM_CONVERSION = YES;
				CLANG_WARN_INFINITE_RECURSION = YES;
				CLANG_WARN_INT_CONVERSION = YES;
				CLANG_WARN_NON_LITERAL_NULL_CONVERSION = YES;
				CLANG_WARN_OBJC_IMPLICIT_RETAIN_SELF = YES;
				CLANG_WARN_OBJC_LITERAL_CONVERSION = YES;
				CLANG_WARN_OBJC_ROOT_CLASS = YES_ERROR;
				CLANG_WARN_QUOTED_INCLUDE_IN_FRAMEWORK_HEADER = YES;
				CLANG_WARN_RANGE_LOOP_ANALYSIS = YES;
				CLANG_WARN_STRICT_PROTOTYPES = YES;
				CLANG_WARN_SUSPICIOUS_MOVE = YES;
				CLANG_WARN_UNGUARDED_AVAILABILITY = YES_AGGRESSIVE;
				CLANG_WARN_UNREACHABLE_CODE = YES;
				CLANG_WARN__DUPLICATE_METHOD_MATCH = YES;
				COPY_PHASE_STRIP = NO;
				DEBUG_INFORMATION_FORMAT = "dwarf-with-dsym";
				ENABLE_NS_ASSERTIONS = NO;
				ENABLE_STRICT_OBJC_MSGSEND = YES;
				GCC_C_LANGUAGE_STANDARD = gnu11;
				GCC_NO_COMMON_BLOCKS = YES;
				GCC_WARN_64_TO_32_BIT_CONVERSION = YES;
				GCC_WARN_ABOUT_RETURN_TYPE = YES_ERROR;
				GCC_WARN_UNDECLARED_SELECTOR = YES;
				GCC_WARN_UNINITIALIZED_AUTOS = YES_AGGRESSIVE;
				GCC_WARN_UNUSED_FUNCTION = YES;
				GCC_WARN_UNUSED_VARIABLE = YES;
				IPHONEOS_DEPLOYMENT_TARGET = 16.4;
				MTL_ENABLE_DEBUG_INFO = NO;
				MTL_FAST_MATH = YES;
				SDKROOT = iphoneos;
				SWIFT_COMPILATION_MODE = wholemodule;
				SWIFT_OPTIMIZATION_LEVEL = "-O";
				VALIDATE_PRODUCT = YES;
			};
			name = Release;
		};
		5D49C8452A0C267700869B97 /* Debug */ = {
			isa = XCBuildConfiguration;
			buildSettings = {
				ASSETCATALOG_COMPILER_APPICON_NAME = AppIcon;
				ASSETCATALOG_COMPILER_GLOBAL_ACCENT_COLOR_NAME = AccentColor;
				CODE_SIGN_STYLE = Automatic;
				CURRENT_PROJECT_VERSION = 1;
				DEVELOPMENT_TEAM = 98S838N7Z3;
				GENERATE_INFOPLIST_FILE = YES;
				INFOPLIST_FILE = Noyan_HW2/Info.plist;
				INFOPLIST_KEY_UIApplicationSupportsIndirectInputEvents = YES;
				INFOPLIST_KEY_UILaunchStoryboardName = LaunchScreen;
				INFOPLIST_KEY_UIMainStoryboardFile = Main;
				INFOPLIST_KEY_UISupportedInterfaceOrientations_iPad = "UIInterfaceOrientationPortrait UIInterfaceOrientationPortraitUpsideDown UIInterfaceOrientationLandscapeLeft UIInterfaceOrientationLandscapeRight";
				INFOPLIST_KEY_UISupportedInterfaceOrientations_iPhone = "UIInterfaceOrientationPortrait UIInterfaceOrientationLandscapeLeft UIInterfaceOrientationLandscapeRight";
				IPHONEOS_DEPLOYMENT_TARGET = 13.0;
				LD_RUNPATH_SEARCH_PATHS = (
					"$(inherited)",
					"@executable_path/Frameworks",
				);
				MARKETING_VERSION = 1.0;
				PRODUCT_BUNDLE_IDENTIFIER = "com.noyancepikkurt.Noyan-HW2";
				PRODUCT_NAME = "$(TARGET_NAME)";
				SWIFT_EMIT_LOC_STRINGS = YES;
				SWIFT_VERSION = 5.0;
				TARGETED_DEVICE_FAMILY = "1,2";
			};
			name = Debug;
		};
		5D49C8462A0C267700869B97 /* Release */ = {
			isa = XCBuildConfiguration;
			buildSettings = {
				ASSETCATALOG_COMPILER_APPICON_NAME = AppIcon;
				ASSETCATALOG_COMPILER_GLOBAL_ACCENT_COLOR_NAME = AccentColor;
				CODE_SIGN_STYLE = Automatic;
				CURRENT_PROJECT_VERSION = 1;
				DEVELOPMENT_TEAM = 98S838N7Z3;
				GENERATE_INFOPLIST_FILE = YES;
				INFOPLIST_FILE = Noyan_HW2/Info.plist;
				INFOPLIST_KEY_UIApplicationSupportsIndirectInputEvents = YES;
				INFOPLIST_KEY_UILaunchStoryboardName = LaunchScreen;
				INFOPLIST_KEY_UIMainStoryboardFile = Main;
				INFOPLIST_KEY_UISupportedInterfaceOrientations_iPad = "UIInterfaceOrientationPortrait UIInterfaceOrientationPortraitUpsideDown UIInterfaceOrientationLandscapeLeft UIInterfaceOrientationLandscapeRight";
				INFOPLIST_KEY_UISupportedInterfaceOrientations_iPhone = "UIInterfaceOrientationPortrait UIInterfaceOrientationLandscapeLeft UIInterfaceOrientationLandscapeRight";
				IPHONEOS_DEPLOYMENT_TARGET = 13.0;
				LD_RUNPATH_SEARCH_PATHS = (
					"$(inherited)",
					"@executable_path/Frameworks",
				);
				MARKETING_VERSION = 1.0;
				PRODUCT_BUNDLE_IDENTIFIER = "com.noyancepikkurt.Noyan-HW2";
				PRODUCT_NAME = "$(TARGET_NAME)";
				SWIFT_EMIT_LOC_STRINGS = YES;
				SWIFT_VERSION = 5.0;
				TARGETED_DEVICE_FAMILY = "1,2";
			};
			name = Release;
		};
/* End XCBuildConfiguration section */

/* Begin XCConfigurationList section */
		5D49C82B2A0C267600869B97 /* Build configuration list for PBXProject "Noyan_HW2" */ = {
			isa = XCConfigurationList;
			buildConfigurations = (
				5D49C8422A0C267700869B97 /* Debug */,
				5D49C8432A0C267700869B97 /* Release */,
			);
			defaultConfigurationIsVisible = 0;
			defaultConfigurationName = Release;
		};
		5D49C8442A0C267700869B97 /* Build configuration list for PBXNativeTarget "Noyan_HW2" */ = {
			isa = XCConfigurationList;
			buildConfigurations = (
				5D49C8452A0C267700869B97 /* Debug */,
				5D49C8462A0C267700869B97 /* Release */,
			);
			defaultConfigurationIsVisible = 0;
			defaultConfigurationName = Release;
		};
/* End XCConfigurationList section */

/* Begin XCRemoteSwiftPackageReference section */
		5DB8BCB22A0CF12B00B01484 /* XCRemoteSwiftPackageReference "SDWebImage" */ = {
			isa = XCRemoteSwiftPackageReference;
			repositoryURL = "https://github.com/SDWebImage/SDWebImage";
			requirement = {
				kind = upToNextMajorVersion;
				minimumVersion = 5.0.0;
			};
		};
/* End XCRemoteSwiftPackageReference section */

/* Begin XCSwiftPackageProductDependency section */
		5DB23DD42A0C28C800789691 /* NewsAPI */ = {
			isa = XCSwiftPackageProductDependency;
			productName = NewsAPI;
		};
		5DB8BCB32A0CF12B00B01484 /* SDWebImage */ = {
			isa = XCSwiftPackageProductDependency;
			package = 5DB8BCB22A0CF12B00B01484 /* XCRemoteSwiftPackageReference "SDWebImage" */;
			productName = SDWebImage;
		};
/* End XCSwiftPackageProductDependency section */

/* Begin XCVersionGroup section */
		5D7FA2CC2A0F9259007816B7 /* Noyan_HW2.xcdatamodeld */ = {
			isa = XCVersionGroup;
			children = (
				5D7FA2CD2A0F9259007816B7 /* Noyan_HW2.xcdatamodel */,
			);
			currentVersion = 5D7FA2CD2A0F9259007816B7 /* Noyan_HW2.xcdatamodel */;
			path = Noyan_HW2.xcdatamodeld;
			sourceTree = "<group>";
			versionGroupType = wrapper.xcdatamodel;
		};
/* End XCVersionGroup section */
	};
	rootObject = 5D49C8282A0C267600869B97 /* Project object */;
}
